// !$*UTF8*$!
{
	archiveVersion = 1;
	classes = {
	};
	objectVersion = 46;
	objects = {

/* Begin PBXBuildFile section */
		9E5319A21E61AADA00868B7F /* AppDelegate.swift in Sources */ = {isa = PBXBuildFile; fileRef = 9E5319A11E61AADA00868B7F /* AppDelegate.swift */; };
		9E5319A41E61AADA00868B7F /* ViewController.swift in Sources */ = {isa = PBXBuildFile; fileRef = 9E5319A31E61AADA00868B7F /* ViewController.swift */; };
		9E5319A71E61AADA00868B7F /* Main.storyboard in Resources */ = {isa = PBXBuildFile; fileRef = 9E5319A51E61AADA00868B7F /* Main.storyboard */; };
		9E5319A91E61AADA00868B7F /* Assets.xcassets in Resources */ = {isa = PBXBuildFile; fileRef = 9E5319A81E61AADA00868B7F /* Assets.xcassets */; };
		9E5319AC1E61AADA00868B7F /* LaunchScreen.storyboard in Resources */ = {isa = PBXBuildFile; fileRef = 9E5319AA1E61AADA00868B7F /* LaunchScreen.storyboard */; };
		9E5319B71E61AADA00868B7F /* DimiBoBTests.swift in Sources */ = {isa = PBXBuildFile; fileRef = 9E5319B61E61AADA00868B7F /* DimiBoBTests.swift */; };
		9E5319C21E61AADA00868B7F /* DimiBoBUITests.swift in Sources */ = {isa = PBXBuildFile; fileRef = 9E5319C11E61AADA00868B7F /* DimiBoBUITests.swift */; };
/* End PBXBuildFile section */

/* Begin PBXContainerItemProxy section */
		9E5319B31E61AADA00868B7F /* PBXContainerItemProxy */ = {
			isa = PBXContainerItemProxy;
			containerPortal = 9E5319961E61AADA00868B7F /* Project object */;
			proxyType = 1;
			remoteGlobalIDString = 9E53199D1E61AADA00868B7F;
			remoteInfo = DimiBoB;
		};
		9E5319BE1E61AADA00868B7F /* PBXContainerItemProxy */ = {
			isa = PBXContainerItemProxy;
			containerPortal = 9E5319961E61AADA00868B7F /* Project object */;
			proxyType = 1;
			remoteGlobalIDString = 9E53199D1E61AADA00868B7F;
			remoteInfo = DimiBoB;
		};
/* End PBXContainerItemProxy section */

/* Begin PBXFileReference section */
		9E53199E1E61AADA00868B7F /* DimiBoB.app */ = {isa = PBXFileReference; explicitFileType = wrapper.application; includeInIndex = 0; path = DimiBoB.app; sourceTree = BUILT_PRODUCTS_DIR; };
		9E5319A11E61AADA00868B7F /* AppDelegate.swift */ = {isa = PBXFileReference; lastKnownFileType = sourcecode.swift; path = AppDelegate.swift; sourceTree = "<group>"; };
		9E5319A31E61AADA00868B7F /* ViewController.swift */ = {isa = PBXFileReference; lastKnownFileType = sourcecode.swift; path = ViewController.swift; sourceTree = "<group>"; };
		9E5319A61E61AADA00868B7F /* Base */ = {isa = PBXFileReference; lastKnownFileType = file.storyboard; name = Base; path = Base.lproj/Main.storyboard; sourceTree = "<group>"; };
		9E5319A81E61AADA00868B7F /* Assets.xcassets */ = {isa = PBXFileReference; lastKnownFileType = folder.assetcatalog; path = Assets.xcassets; sourceTree = "<group>"; };
		9E5319AB1E61AADA00868B7F /* Base */ = {isa = PBXFileReference; lastKnownFileType = file.storyboard; name = Base; path = Base.lproj/LaunchScreen.storyboard; sourceTree = "<group>"; };
		9E5319AD1E61AADA00868B7F /* Info.plist */ = {isa = PBXFileReference; lastKnownFileType = text.plist.xml; path = Info.plist; sourceTree = "<group>"; };
		9E5319B21E61AADA00868B7F /* DimiBoBTests.xctest */ = {isa = PBXFileReference; explicitFileType = wrapper.cfbundle; includeInIndex = 0; path = DimiBoBTests.xctest; sourceTree = BUILT_PRODUCTS_DIR; };
		9E5319B61E61AADA00868B7F /* DimiBoBTests.swift */ = {isa = PBXFileReference; lastKnownFileType = sourcecode.swift; path = DimiBoBTests.swift; sourceTree = "<group>"; };
		9E5319B81E61AADA00868B7F /* Info.plist */ = {isa = PBXFileReference; lastKnownFileType = text.plist.xml; path = Info.plist; sourceTree = "<group>"; };
		9E5319BD1E61AADA00868B7F /* DimiBoBUITests.xctest */ = {isa = PBXFileReference; explicitFileType = wrapper.cfbundle; includeInIndex = 0; path = DimiBoBUITests.xctest; sourceTree = BUILT_PRODUCTS_DIR; };
		9E5319C11E61AADA00868B7F /* DimiBoBUITests.swift */ = {isa = PBXFileReference; lastKnownFileType = sourcecode.swift; path = DimiBoBUITests.swift; sourceTree = "<group>"; };
		9E5319C31E61AADA00868B7F /* Info.plist */ = {isa = PBXFileReference; lastKnownFileType = text.plist.xml; path = Info.plist; sourceTree = "<group>"; };
/* End PBXFileReference section */

/* Begin PBXFrameworksBuildPhase section */
		9E53199B1E61AADA00868B7F /* Frameworks */ = {
			isa = PBXFrameworksBuildPhase;
			buildActionMask = 2147483647;
			files = (
			);
			runOnlyForDeploymentPostprocessing = 0;
		};
		9E5319AF1E61AADA00868B7F /* Frameworks */ = {
			isa = PBXFrameworksBuildPhase;
			buildActionMask = 2147483647;
			files = (
			);
			runOnlyForDeploymentPostprocessing = 0;
		};
		9E5319BA1E61AADA00868B7F /* Frameworks */ = {
			isa = PBXFrameworksBuildPhase;
			buildActionMask = 2147483647;
			files = (
			);
			runOnlyForDeploymentPostprocessing = 0;
		};
/* End PBXFrameworksBuildPhase section */

/* Begin PBXGroup section */
		9E5319951E61AADA00868B7F = {
			isa = PBXGroup;
			children = (
				9E5319A01E61AADA00868B7F /* DimiBoB */,
				9E5319B51E61AADA00868B7F /* DimiBoBTests */,
				9E5319C01E61AADA00868B7F /* DimiBoBUITests */,
				9E53199F1E61AADA00868B7F /* Products */,
			);
			sourceTree = "<group>";
		};
		9E53199F1E61AADA00868B7F /* Products */ = {
			isa = PBXGroup;
			children = (
				9E53199E1E61AADA00868B7F /* DimiBoB.app */,
				9E5319B21E61AADA00868B7F /* DimiBoBTests.xctest */,
				9E5319BD1E61AADA00868B7F /* DimiBoBUITests.xctest */,
			);
			name = Products;
			sourceTree = "<group>";
		};
		9E5319A01E61AADA00868B7F /* DimiBoB */ = {
			isa = PBXGroup;
			children = (
				9E5319A11E61AADA00868B7F /* AppDelegate.swift */,
				9E5319A31E61AADA00868B7F /* ViewController.swift */,
				9E5319A51E61AADA00868B7F /* Main.storyboard */,
				9E5319A81E61AADA00868B7F /* Assets.xcassets */,
				9E5319AA1E61AADA00868B7F /* LaunchScreen.storyboard */,
				9E5319AD1E61AADA00868B7F /* Info.plist */,
			);
			path = DimiBoB;
			sourceTree = "<group>";
		};
		9E5319B51E61AADA00868B7F /* DimiBoBTests */ = {
			isa = PBXGroup;
			children = (
				9E5319B61E61AADA00868B7F /* DimiBoBTests.swift */,
				9E5319B81E61AADA00868B7F /* Info.plist */,
			);
			path = DimiBoBTests;
			sourceTree = "<group>";
		};
		9E5319C01E61AADA00868B7F /* DimiBoBUITests */ = {
			isa = PBXGroup;
			children = (
				9E5319C11E61AADA00868B7F /* DimiBoBUITests.swift */,
				9E5319C31E61AADA00868B7F /* Info.plist */,
			);
			path = DimiBoBUITests;
			sourceTree = "<group>";
		};
/* End PBXGroup section */

/* Begin PBXNativeTarget section */
		9E53199D1E61AADA00868B7F /* DimiBoB */ = {
			isa = PBXNativeTarget;
			buildConfigurationList = 9E5319C61E61AADA00868B7F /* Build configuration list for PBXNativeTarget "DimiBoB" */;
			buildPhases = (
				9E53199A1E61AADA00868B7F /* Sources */,
				9E53199B1E61AADA00868B7F /* Frameworks */,
				9E53199C1E61AADA00868B7F /* Resources */,
			);
			buildRules = (
			);
			dependencies = (
			);
			name = DimiBoB;
			productName = DimiBoB;
			productReference = 9E53199E1E61AADA00868B7F /* DimiBoB.app */;
			productType = "com.apple.product-type.application";
		};
		9E5319B11E61AADA00868B7F /* DimiBoBTests */ = {
			isa = PBXNativeTarget;
			buildConfigurationList = 9E5319C91E61AADA00868B7F /* Build configuration list for PBXNativeTarget "DimiBoBTests" */;
			buildPhases = (
				9E5319AE1E61AADA00868B7F /* Sources */,
				9E5319AF1E61AADA00868B7F /* Frameworks */,
				9E5319B01E61AADA00868B7F /* Resources */,
			);
			buildRules = (
			);
			dependencies = (
				9E5319B41E61AADA00868B7F /* PBXTargetDependency */,
			);
			name = DimiBoBTests;
			productName = DimiBoBTests;
			productReference = 9E5319B21E61AADA00868B7F /* DimiBoBTests.xctest */;
			productType = "com.apple.product-type.bundle.unit-test";
		};
		9E5319BC1E61AADA00868B7F /* DimiBoBUITests */ = {
			isa = PBXNativeTarget;
			buildConfigurationList = 9E5319CC1E61AADA00868B7F /* Build configuration list for PBXNativeTarget "DimiBoBUITests" */;
			buildPhases = (
				9E5319B91E61AADA00868B7F /* Sources */,
				9E5319BA1E61AADA00868B7F /* Frameworks */,
				9E5319BB1E61AADA00868B7F /* Resources */,
			);
			buildRules = (
			);
			dependencies = (
				9E5319BF1E61AADA00868B7F /* PBXTargetDependency */,
			);
			name = DimiBoBUITests;
			productName = DimiBoBUITests;
			productReference = 9E5319BD1E61AADA00868B7F /* DimiBoBUITests.xctest */;
			productType = "com.apple.product-type.bundle.ui-testing";
		};
/* End PBXNativeTarget section */

/* Begin PBXProject section */
		9E5319961E61AADA00868B7F /* Project object */ = {
			isa = PBXProject;
			attributes = {
				LastSwiftUpdateCheck = 0820;
				LastUpgradeCheck = 0820;
				ORGANIZATIONNAME = HaJunHyeok;
				TargetAttributes = {
					9E53199D1E61AADA00868B7F = {
						CreatedOnToolsVersion = 8.2.1;
						ProvisioningStyle = Automatic;
					};
					9E5319B11E61AADA00868B7F = {
						CreatedOnToolsVersion = 8.2.1;
						ProvisioningStyle = Automatic;
						TestTargetID = 9E53199D1E61AADA00868B7F;
					};
					9E5319BC1E61AADA00868B7F = {
						CreatedOnToolsVersion = 8.2.1;
						ProvisioningStyle = Automatic;
						TestTargetID = 9E53199D1E61AADA00868B7F;
					};
				};
			};
			buildConfigurationList = 9E5319991E61AADA00868B7F /* Build configuration list for PBXProject "DimiBoB" */;
			compatibilityVersion = "Xcode 3.2";
			developmentRegion = English;
			hasScannedForEncodings = 0;
			knownRegions = (
				en,
				Base,
			);
			mainGroup = 9E5319951E61AADA00868B7F;
			productRefGroup = 9E53199F1E61AADA00868B7F /* Products */;
			projectDirPath = "";
			projectRoot = "";
			targets = (
				9E53199D1E61AADA00868B7F /* DimiBoB */,
				9E5319B11E61AADA00868B7F /* DimiBoBTests */,
				9E5319BC1E61AADA00868B7F /* DimiBoBUITests */,
			);
		};
/* End PBXProject section */

/* Begin PBXResourcesBuildPhase section */
		9E53199C1E61AADA00868B7F /* Resources */ = {
			isa = PBXResourcesBuildPhase;
			buildActionMask = 2147483647;
			files = (
				9E5319AC1E61AADA00868B7F /* LaunchScreen.storyboard in Resources */,
				9E5319A91E61AADA00868B7F /* Assets.xcassets in Resources */,
				9E5319A71E61AADA00868B7F /* Main.storyboard in Resources */,
			);
			runOnlyForDeploymentPostprocessing = 0;
		};
		9E5319B01E61AADA00868B7F /* Resources */ = {
			isa = PBXResourcesBuildPhase;
			buildActionMask = 2147483647;
			files = (
			);
			runOnlyForDeploymentPostprocessing = 0;
		};
		9E5319BB1E61AADA00868B7F /* Resources */ = {
			isa = PBXResourcesBuildPhase;
			buildActionMask = 2147483647;
			files = (
			);
			runOnlyForDeploymentPostprocessing = 0;
		};
/* End PBXResourcesBuildPhase section */

/* Begin PBXSourcesBuildPhase section */
		9E53199A1E61AADA00868B7F /* Sources */ = {
			isa = PBXSourcesBuildPhase;
			buildActionMask = 2147483647;
			files = (
				9E5319A41E61AADA00868B7F /* ViewController.swift in Sources */,
				9E5319A21E61AADA00868B7F /* AppDelegate.swift in Sources */,
			);
			runOnlyForDeploymentPostprocessing = 0;
		};
		9E5319AE1E61AADA00868B7F /* Sources */ = {
			isa = PBXSourcesBuildPhase;
			buildActionMask = 2147483647;
			files = (
				9E5319B71E61AADA00868B7F /* DimiBoBTests.swift in Sources */,
			);
			runOnlyForDeploymentPostprocessing = 0;
		};
		9E5319B91E61AADA00868B7F /* Sources */ = {
			isa = PBXSourcesBuildPhase;
			buildActionMask = 2147483647;
			files = (
				9E5319C21E61AADA00868B7F /* DimiBoBUITests.swift in Sources */,
			);
			runOnlyForDeploymentPostprocessing = 0;
		};
/* End PBXSourcesBuildPhase section */

/* Begin PBXTargetDependency section */
		9E5319B41E61AADA00868B7F /* PBXTargetDependency */ = {
			isa = PBXTargetDependency;
			target = 9E53199D1E61AADA00868B7F /* DimiBoB */;
			targetProxy = 9E5319B31E61AADA00868B7F /* PBXContainerItemProxy */;
		};
		9E5319BF1E61AADA00868B7F /* PBXTargetDependency */ = {
			isa = PBXTargetDependency;
			target = 9E53199D1E61AADA00868B7F /* DimiBoB */;
			targetProxy = 9E5319BE1E61AADA00868B7F /* PBXContainerItemProxy */;
		};
/* End PBXTargetDependency section */

/* Begin PBXVariantGroup section */
		9E5319A51E61AADA00868B7F /* Main.storyboard */ = {
			isa = PBXVariantGroup;
			children = (
				9E5319A61E61AADA00868B7F /* Base */,
			);
			name = Main.storyboard;
			sourceTree = "<group>";
		};
		9E5319AA1E61AADA00868B7F /* LaunchScreen.storyboard */ = {
			isa = PBXVariantGroup;
			children = (
				9E5319AB1E61AADA00868B7F /* Base */,
			);
			name = LaunchScreen.storyboard;
			sourceTree = "<group>";
		};
/* End PBXVariantGroup section */

/* Begin XCBuildConfiguration section */
		9E5319C41E61AADA00868B7F /* Debug */ = {
			isa = XCBuildConfiguration;
			buildSettings = {
				ALWAYS_SEARCH_USER_PATHS = NO;
				CLANG_ANALYZER_NONNULL = YES;
				CLANG_CXX_LANGUAGE_STANDARD = "gnu++0x";
				CLANG_CXX_LIBRARY = "libc++";
				CLANG_ENABLE_MODULES = YES;
				CLANG_ENABLE_OBJC_ARC = YES;
				CLANG_WARN_BOOL_CONVERSION = YES;
				CLANG_WARN_CONSTANT_CONVERSION = YES;
				CLANG_WARN_DIRECT_OBJC_ISA_USAGE = YES_ERROR;
				CLANG_WARN_DOCUMENTATION_COMMENTS = YES;
				CLANG_WARN_EMPTY_BODY = YES;
				CLANG_WARN_ENUM_CONVERSION = YES;
				CLANG_WARN_INFINITE_RECURSION = YES;
				CLANG_WARN_INT_CONVERSION = YES;
				CLANG_WARN_OBJC_ROOT_CLASS = YES_ERROR;
				CLANG_WARN_SUSPICIOUS_MOVE = YES;
				CLANG_WARN_UNREACHABLE_CODE = YES;
				CLANG_WARN__DUPLICATE_METHOD_MATCH = YES;
				"CODE_SIGN_IDENTITY[sdk=iphoneos*]" = "iPhone Developer";
				COPY_PHASE_STRIP = NO;
				DEBUG_INFORMATION_FORMAT = dwarf;
				ENABLE_STRICT_OBJC_MSGSEND = YES;
				ENABLE_TESTABILITY = YES;
				GCC_C_LANGUAGE_STANDARD = gnu99;
				GCC_DYNAMIC_NO_PIC = NO;
				GCC_NO_COMMON_BLOCKS = YES;
				GCC_OPTIMIZATION_LEVEL = 0;
				GCC_PREPROCESSOR_DEFINITIONS = (
					"DEBUG=1",
					"$(inherited)",
				);
				GCC_WARN_64_TO_32_BIT_CONVERSION = YES;
				GCC_WARN_ABOUT_RETURN_TYPE = YES_ERROR;
				GCC_WARN_UNDECLARED_SELECTOR = YES;
				GCC_WARN_UNINITIALIZED_AUTOS = YES_AGGRESSIVE;
				GCC_WARN_UNUSED_FUNCTION = YES;
				GCC_WARN_UNUSED_VARIABLE = YES;
				IPHONEOS_DEPLOYMENT_TARGET = 10.2;
				MTL_ENABLE_DEBUG_INFO = YES;
				ONLY_ACTIVE_ARCH = YES;
				SDKROOT = iphoneos;
				SWIFT_ACTIVE_COMPILATION_CONDITIONS = DEBUG;
				SWIFT_OPTIMIZATION_LEVEL = "-Onone";
				TARGETED_DEVICE_FAMILY = "1,2";
			};
			name = Debug;
		};
		9E5319C51E61AADA00868B7F /* Release */ = {
			isa = XCBuildConfiguration;
			buildSettings = {
				ALWAYS_SEARCH_USER_PATHS = NO;
				CLANG_ANALYZER_NONNULL = YES;
				CLANG_CXX_LANGUAGE_STANDARD = "gnu++0x";
				CLANG_CXX_LIBRARY = "libc++";
				CLANG_ENABLE_MODULES = YES;
				CLANG_ENABLE_OBJC_ARC = YES;
				CLANG_WARN_BOOL_CONVERSION = YES;
				CLANG_WARN_CONSTANT_CONVERSION = YES;
				CLANG_WARN_DIRECT_OBJC_ISA_USAGE = YES_ERROR;
				CLANG_WARN_DOCUMENTATION_COMMENTS = YES;
				CLANG_WARN_EMPTY_BODY = YES;
				CLANG_WARN_ENUM_CONVERSION = YES;
				CLANG_WARN_INFINITE_RECURSION = YES;
				CLANG_WARN_INT_CONVERSION = YES;
				CLANG_WARN_OBJC_ROOT_CLASS = YES_ERROR;
				CLANG_WARN_SUSPICIOUS_MOVE = YES;
				CLANG_WARN_UNREACHABLE_CODE = YES;
				CLANG_WARN__DUPLICATE_METHOD_MATCH = YES;
				"CODE_SIGN_IDENTITY[sdk=iphoneos*]" = "iPhone Developer";
				COPY_PHASE_STRIP = NO;
				DEBUG_INFORMATION_FORMAT = "dwarf-with-dsym";
				ENABLE_NS_ASSERTIONS = NO;
				ENABLE_STRICT_OBJC_MSGSEND = YES;
				GCC_C_LANGUAGE_STANDARD = gnu99;
				GCC_NO_COMMON_BLOCKS = YES;
				GCC_WARN_64_TO_32_BIT_CONVERSION = YES;
				GCC_WARN_ABOUT_RETURN_TYPE = YES_ERROR;
				GCC_WARN_UNDECLARED_SELECTOR = YES;
				GCC_WARN_UNINITIALIZED_AUTOS = YES_AGGRESSIVE;
				GCC_WARN_UNUSED_FUNCTION = YES;
				GCC_WARN_UNUSED_VARIABLE = YES;
				IPHONEOS_DEPLOYMENT_TARGET = 10.2;
				MTL_ENABLE_DEBUG_INFO = NO;
				SDKROOT = iphoneos;
				SWIFT_OPTIMIZATION_LEVEL = "-Owholemodule";
				TARGETED_DEVICE_FAMILY = "1,2";
				VALIDATE_PRODUCT = YES;
			};
			name = Release;
		};
		9E5319C71E61AADA00868B7F /* Debug */ = {
			isa = XCBuildConfiguration;
			buildSettings = {
				ASSETCATALOG_COMPILER_APPICON_NAME = AppIcon;
				INFOPLIST_FILE = DimiBoB/Info.plist;
				LD_RUNPATH_SEARCH_PATHS = "$(inherited) @executable_path/Frameworks";
				PRODUCT_BUNDLE_IDENTIFIER = kdmhs.me.enoxaiming.DimiBoB;
				PRODUCT_NAME = "$(TARGET_NAME)";
				SWIFT_VERSION = 3.0;
			};
			name = Debug;
		};
		9E5319C81E61AADA00868B7F /* Release */ = {
			isa = XCBuildConfiguration;
			buildSettings = {
				ASSETCATALOG_COMPILER_APPICON_NAME = AppIcon;
				INFOPLIST_FILE = DimiBoB/Info.plist;
				LD_RUNPATH_SEARCH_PATHS = "$(inherited) @executable_path/Frameworks";
				PRODUCT_BUNDLE_IDENTIFIER = kdmhs.me.enoxaiming.DimiBoB;
				PRODUCT_NAME = "$(TARGET_NAME)";
				SWIFT_VERSION = 3.0;
			};
			name = Release;
		};
		9E5319CA1E61AADA00868B7F /* Debug */ = {
			isa = XCBuildConfiguration;
			buildSettings = {
				ALWAYS_EMBED_SWIFT_STANDARD_LIBRARIES = YES;
				BUNDLE_LOADER = "$(TEST_HOST)";
				INFOPLIST_FILE = DimiBoBTests/Info.plist;
				LD_RUNPATH_SEARCH_PATHS = "$(inherited) @executable_path/Frameworks @loader_path/Frameworks";
				PRODUCT_BUNDLE_IDENTIFIER = kdmhs.me.enoxaiming.DimiBoBTests;
				PRODUCT_NAME = "$(TARGET_NAME)";
				SWIFT_VERSION = 3.0;
				TEST_HOST = "$(BUILT_PRODUCTS_DIR)/DimiBoB.app/DimiBoB";
			};
			name = Debug;
		};
		9E5319CB1E61AADA00868B7F /* Release */ = {
			isa = XCBuildConfiguration;
			buildSettings = {
				ALWAYS_EMBED_SWIFT_STANDARD_LIBRARIES = YES;
				BUNDLE_LOADER = "$(TEST_HOST)";
				INFOPLIST_FILE = DimiBoBTests/Info.plist;
				LD_RUNPATH_SEARCH_PATHS = "$(inherited) @executable_path/Frameworks @loader_path/Frameworks";
				PRODUCT_BUNDLE_IDENTIFIER = kdmhs.me.enoxaiming.DimiBoBTests;
				PRODUCT_NAME = "$(TARGET_NAME)";
				SWIFT_VERSION = 3.0;
				TEST_HOST = "$(BUILT_PRODUCTS_DIR)/DimiBoB.app/DimiBoB";
			};
			name = Release;
		};
		9E5319CD1E61AADA00868B7F /* Debug */ = {
			isa = XCBuildConfiguration;
			buildSettings = {
				ALWAYS_EMBED_SWIFT_STANDARD_LIBRARIES = YES;
				INFOPLIST_FILE = DimiBoBUITests/Info.plist;
				LD_RUNPATH_SEARCH_PATHS = "$(inherited) @executable_path/Frameworks @loader_path/Frameworks";
				PRODUCT_BUNDLE_IDENTIFIER = kdmhs.me.enoxaiming.DimiBoBUITests;
				PRODUCT_NAME = "$(TARGET_NAME)";
				SWIFT_VERSION = 3.0;
				TEST_TARGET_NAME = DimiBoB;
			};
			name = Debug;
		};
		9E5319CE1E61AADA00868B7F /* Release */ = {
			isa = XCBuildConfiguration;
			buildSettings = {
				ALWAYS_EMBED_SWIFT_STANDARD_LIBRARIES = YES;
				INFOPLIST_FILE = DimiBoBUITests/Info.plist;
				LD_RUNPATH_SEARCH_PATHS = "$(inherited) @executable_path/Frameworks @loader_path/Frameworks";
				PRODUCT_BUNDLE_IDENTIFIER = kdmhs.me.enoxaiming.DimiBoBUITests;
				PRODUCT_NAME = "$(TARGET_NAME)";
				SWIFT_VERSION = 3.0;
				TEST_TARGET_NAME = DimiBoB;
			};
			name = Release;
		};
/* End XCBuildConfiguration section */

/* Begin XCConfigurationList section */
		9E5319991E61AADA00868B7F /* Build configuration list for PBXProject "DimiBoB" */ = {
			isa = XCConfigurationList;
			buildConfigurations = (
				9E5319C41E61AADA00868B7F /* Debug */,
				9E5319C51E61AADA00868B7F /* Release */,
			);
			defaultConfigurationIsVisible = 0;
			defaultConfigurationName = Release;
		};
		9E5319C61E61AADA00868B7F /* Build configuration list for PBXNativeTarget "DimiBoB" */ = {
			isa = XCConfigurationList;
			buildConfigurations = (
				9E5319C71E61AADA00868B7F /* Debug */,
				9E5319C81E61AADA00868B7F /* Release */,
			);
			defaultConfigurationIsVisible = 0;
			defaultConfigurationName = Release;
		};
		9E5319C91E61AADA00868B7F /* Build configuration list for PBXNativeTarget "DimiBoBTests" */ = {
			isa = XCConfigurationList;
			buildConfigurations = (
				9E5319CA1E61AADA00868B7F /* Debug */,
				9E5319CB1E61AADA00868B7F /* Release */,
			);
			defaultConfigurationIsVisible = 0;
			defaultConfigurationName = Release;
		};
		9E5319CC1E61AADA00868B7F /* Build configuration list for PBXNativeTarget "DimiBoBUITests" */ = {
			isa = XCConfigurationList;
			buildConfigurations = (
				9E5319CD1E61AADA00868B7F /* Debug */,
				9E5319CE1E61AADA00868B7F /* Release */,
			);
			defaultConfigurationIsVisible = 0;
			defaultConfigurationName = Release;
		};
/* End XCConfigurationList section */
	};
	rootObject = 9E5319961E61AADA00868B7F /* Project object */;
}
